lockfileVersion: '9.0'

settings:
  autoInstallPeers: true
  excludeLinksFromLockfile: false

importers:

  .:
    dependencies:
      '@geckoai/class-mirror':
        specifier: 1.0.2
        version: 1.0.2
      '@geckoai/gecko-core':
        specifier: 1.0.1
        version: 1.0.1(reflect-metadata@0.2.2)
      react:
        specifier: ^19.1.0
        version: 19.1.0
      react-dom:
        specifier: ^19.1.0
        version: 19.1.0(react@19.1.0)
      react-router-dom:
        specifier: ^7.5.3
        version: 7.6.0(react-dom@19.1.0(react@19.1.0))(react@19.1.0)
    devDependencies:
      '@types/react':
        specifier: ^18.2.70
        version: 18.3.21
      '@types/react-dom':
        specifier: ^18.2.22
        version: 18.3.7(@types/react@18.3.21)
      typescript:
        specifier: 4.9.5
        version: 4.9.5

packages:

  '@geckoai/class-mirror@1.0.2':
    resolution: {integrity: sha512-0ShYTH9Ki7ZULP/qqlEcExsL8lyRxqAHJUi8s2F/ONtJYiEYT21ecONUYumCZFAp/TvlEultFrt+vN2KO47gcw==}

  '@geckoai/gecko-core@1.0.1':
    resolution: {integrity: sha512-GYrkK18KZApUD6c7JwLeOzABZdKIbwaaE4B6y9/+ITnhcor17SI9ktkcblpuJKVvWsARKDasQdmX2ghHuewVrA==}

  '@inversifyjs/common@1.5.0':
    resolution: {integrity: sha512-Qj5BELk11AfI2rgZEAaLPmOftmQRLLmoCXgAjmaF0IngQN5vHomVT5ML7DZ3+CA5fgGcEVMcGbUDAun+Rz+oNg==}

  '@inversifyjs/container@1.9.1':
    resolution: {integrity: sha512-8EhjFoAx1LoD7TpCuP9ptitwc+7kVXEpZB0IeoEsCQb9sWaNYYaBi+7Lommu3/1nYxdMbX2t7AJhQnryT1EEsg==}
    peerDependencies:
      reflect-metadata: ~0.2.2

  '@inversifyjs/core@5.2.0':
    resolution: {integrity: sha512-MMaHGGRjQWT9uAof63sbZyEhRl4XptEAE17DJwrgUcN9LsdIEvecKP3r53pE9VF88PFR41knUKKzagUBvWLHmw==}

  '@inversifyjs/prototype-utils@0.1.0':
    resolution: {integrity: sha512-lNz1yyajMRDXBHLvJsYYX81FcmeD15e5Qz1zAZ/3zeYTl+u7ZF/GxNRKJzNOloeMPMtuR8BnvzHA1SZxjR+J9w==}

  '@inversifyjs/reflect-metadata-utils@1.1.0':
    resolution: {integrity: sha512-jmuAuC3eL1GnFAYfJGJOMKRDL9q1mgzOyrban6zxfM8Yg1FUHsj25h27bW2G7p8X1Amvhg3MLkaOuogszkrofA==}
    peerDependencies:
      reflect-metadata: 0.2.2

  '@types/prop-types@15.7.14':
    resolution: {integrity: sha512-gNMvNH49DJ7OJYv+KAKn0Xp45p8PLl6zo2YnvDIbTd4J6MER2BmWN49TG7n9LvkyihINxeKW8+3bfS2yDC9dzQ==}

  '@types/react-dom@18.3.7':
    resolution: {integrity: sha512-MEe3UeoENYVFXzoXEWsvcpg6ZvlrFNlOQ7EOsvhI3CfAXwzPfO8Qwuxd40nepsYKqyyVQnTdEfv68q91yLcKrQ==}
    peerDependencies:
      '@types/react': ^18.0.0

  '@types/react@18.3.21':
    resolution: {integrity: sha512-gXLBtmlcRJeT09/sI4PxVwyrku6SaNUj/6cMubjE6T6XdY1fDmBL7r0nX0jbSZPU/Xr0KuwLLZh6aOYY5d91Xw==}

  cookie@1.0.2:
    resolution: {integrity: sha512-9Kr/j4O16ISv8zBBhJoi4bXOYNTkFLOqSL3UDB0njXxCXNezjeyVrJyGOWtgfs/q2km1gwBcfH8q1yEGoMYunA==}
    engines: {node: '>=18'}

  csstype@3.1.3:
    resolution: {integrity: sha512-M1uQkMl8rQK/szD0LNhtqxIPLpimGm8sOBwU7lLnCpSbTyY3yeU1Vc7l4KT5zT4s/yOxHH5O7tIuuLOCnLADRw==}

  inversify@7.5.1:
    resolution: {integrity: sha512-oWWFDU2BXiuqZynGcLDDD4tqiWAeaEUCALlCj0vk/QwHGgZY/tzDFPuTmWMY3jwRmDIHxVDkcj9SL3MFTlCEDw==}
    peerDependencies:
      reflect-metadata: ~0.2.2

  react-dom@19.1.0:
    resolution: {integrity: sha512-Xs1hdnE+DyKgeHJeJznQmYMIBG3TKIHJJT95Q58nHLSrElKlGQqDTR2HQ9fx5CN/Gk6Vh/kupBTDLU11/nDk/g==}
    peerDependencies:
      react: ^19.1.0

  react-router-dom@7.6.0:
    resolution: {integrity: sha512-DYgm6RDEuKdopSyGOWZGtDfSm7Aofb8CCzgkliTjtu/eDuB0gcsv6qdFhhi8HdtmA+KHkt5MfZ5K2PdzjugYsA==}
    engines: {node: '>=20.0.0'}
    peerDependencies:
      react: '>=18'
      react-dom: '>=18'

  react-router@7.6.0:
    resolution: {integrity: sha512-GGufuHIVCJDbnIAXP3P9Sxzq3UUsddG3rrI3ut1q6m0FI6vxVBF3JoPQ38+W/blslLH4a5Yutp8drkEpXoddGQ==}
    engines: {node: '>=20.0.0'}
    peerDependencies:
      react: '>=18'
      react-dom: '>=18'
    peerDependenciesMeta:
      react-dom:
        optional: true

  react@19.1.0:
    resolution: {integrity: sha512-FS+XFBNvn3GTAWq26joslQgWNoFu08F4kl0J4CgdNKADkdSGXQyTCnKteIAJy96Br6YbpEU1LSzV5dYtjMkMDg==}
    engines: {node: '>=0.10.0'}

  reflect-metadata@0.2.2:
    resolution: {integrity: sha512-urBwgfrvVP/eAyXx4hluJivBKzuEbSQs9rKWCrCkbSxNv8mxPcUZKeuoF3Uy4mJl3Lwprp6yy5/39VWigZ4K6Q==}

  scheduler@0.26.0:
    resolution: {integrity: sha512-NlHwttCI/l5gCPR3D1nNXtWABUmBwvZpEQiD4IXSbIDq8BzLIK/7Ir5gTFSGZDUu37K5cMNp0hFtzO38sC7gWA==}

  set-cookie-parser@2.7.1:
    resolution: {integrity: sha512-IOc8uWeOZgnb3ptbCURJWNjWUPcO3ZnTTdzsurqERrP6nPyv+paC55vJM0LpOlT2ne+Ix+9+CRG1MNLlyZ4GjQ==}

  typescript@4.9.5:
    resolution: {integrity: sha512-1FXk9E2Hm+QzZQ7z+McJiHL4NW1F2EzMu9Nq9i3zAaGqibafqYwCVU6WyWAuyQRRzOlxou8xZSyXLEN8oKj24g==}
    engines: {node: '>=4.2.0'}
    hasBin: true

snapshots:

  '@geckoai/class-mirror@1.0.2': {}

  '@geckoai/gecko-core@1.0.1(reflect-metadata@0.2.2)':
    dependencies:
      '@geckoai/class-mirror': 1.0.2
      inversify: 7.5.1(reflect-metadata@0.2.2)
    transitivePeerDependencies:
      - reflect-metadata

  '@inversifyjs/common@1.5.0': {}

  '@inversifyjs/container@1.9.1(reflect-metadata@0.2.2)':
    dependencies:
      '@inversifyjs/common': 1.5.0
      '@inversifyjs/core': 5.2.0(reflect-metadata@0.2.2)
      '@inversifyjs/reflect-metadata-utils': 1.1.0(reflect-metadata@0.2.2)
      reflect-metadata: 0.2.2

  '@inversifyjs/core@5.2.0(reflect-metadata@0.2.2)':
    dependencies:
      '@inversifyjs/common': 1.5.0
      '@inversifyjs/prototype-utils': 0.1.0
      '@inversifyjs/reflect-metadata-utils': 1.1.0(reflect-metadata@0.2.2)
    transitivePeerDependencies:
      - reflect-metadata

  '@inversifyjs/prototype-utils@0.1.0':
    dependencies:
      '@inversifyjs/common': 1.5.0

  '@inversifyjs/reflect-metadata-utils@1.1.0(reflect-metadata@0.2.2)':
    dependencies:
      reflect-metadata: 0.2.2

  '@types/prop-types@15.7.14': {}

  '@types/react-dom@18.3.7(@types/react@18.3.21)':
    dependencies:
      '@types/react': 18.3.21

  '@types/react@18.3.21':
    dependencies:
      '@types/prop-types': 15.7.14
      csstype: 3.1.3

  cookie@1.0.2: {}

  csstype@3.1.3: {}

  inversify@7.5.1(reflect-metadata@0.2.2):
    dependencies:
      '@inversifyjs/common': 1.5.0
      '@inversifyjs/container': 1.9.1(reflect-metadata@0.2.2)
      '@inversifyjs/core': 5.2.0(reflect-metadata@0.2.2)
      reflect-metadata: 0.2.2

  react-dom@19.1.0(react@19.1.0):
    dependencies:
      react: 19.1.0
      scheduler: 0.26.0

  react-router-dom@7.6.0(react-dom@19.1.0(react@19.1.0))(react@19.1.0):
    dependencies:
      react: 19.1.0
      react-dom: 19.1.0(react@19.1.0)
      react-router: 7.6.0(react-dom@19.1.0(react@19.1.0))(react@19.1.0)

  react-router@7.6.0(react-dom@19.1.0(react@19.1.0))(react@19.1.0):
    dependencies:
      cookie: 1.0.2
      react: 19.1.0
      set-cookie-parser: 2.7.1
    optionalDependencies:
      react-dom: 19.1.0(react@19.1.0)

  react@19.1.0: {}

  reflect-metadata@0.2.2: {}

  scheduler@0.26.0: {}

  set-cookie-parser@2.7.1: {}

  typescript@4.9.5: {}
